
Microsoft Visual Studio Solution File, Format Version 12.00
# Visual Studio 15
VisualStudioVersion = 15.0.28307.539
MinimumVisualStudioVersion = 10.0.40219.1
Project("{FAE04EC0-301F-11D3-BF4B-00C04F79EFBC}") = "VehicleSalon", "VehicleSalon\VehicleSalon.csproj", "{D22E8C27-9F61-4BA8-B71D-DDFB45D463A4}"
EndProject
Project("{FAE04EC0-301F-11D3-BF4B-00C04F79EFBC}") = "VehicleSalonLibrary", "VehicleSalonLibrary\VehicleSalonLibrary.csproj", "{EC64BB4E-C9BB-409E-863F-E0C49822222C}"
EndProject
Global
	GlobalSection(SolutionConfigurationPlatforms) = preSolution
		Debug|Any CPU = Debug|Any CPU
		Release|Any CPU = Release|Any CPU
	EndGlobalSection
	GlobalSection(ProjectConfigurationPlatforms) = postSolution
		{D22E8C27-9F61-4BA8-B71D-DDFB45D463A4}.Debug|Any CPU.ActiveCfg = Debug|Any CPU
		{D22E8C27-9F61-4BA8-B71D-DDFB45D463A4}.Debug|Any CPU.Build.0 = Debug|Any CPU
		{D22E8C27-9F61-4BA8-B71D-DDFB45D463A4}.Release|Any CPU.ActiveCfg = Release|Any CPU
		{D22E8C27-9F61-4BA8-B71D-DDFB45D463A4}.Release|Any CPU.Build.0 = Release|Any CPU
		{EC64BB4E-C9BB-409E-863F-E0C49822222C}.Debug|Any CPU.ActiveCfg = Debug|Any CPU
		{EC64BB4E-C9BB-409E-863F-E0C49822222C}.Debug|Any CPU.Build.0 = Debug|Any CPU
		{EC64BB4E-C9BB-409E-863F-E0C49822222C}.Release|Any CPU.ActiveCfg = Release|Any CPU
		{EC64BB4E-C9BB-409E-863F-E0C49822222C}.Release|Any CPU.Build.0 = Release|Any CPU
	EndGlobalSection
	GlobalSection(SolutionProperties) = preSolution
		HideSolutionNode = FALSE
	EndGlobalSection
	GlobalSection(ExtensibilityGlobals) = postSolution
		SolutionGuid = {4DAB1E77-F582-48DE-8392-39E24EF0A938}
	EndGlobalSection
EndGlobal
