
Microsoft Visual Studio Solution File, Format Version 12.00
# Visual Studio 15
VisualStudioVersion = 15.0.28307.421
MinimumVisualStudioVersion = 10.0.40219.1
Project("{FAE04EC0-301F-11D3-BF4B-00C04F79EFBC}") = "Homework3", "Homework3\Homework3.csproj", "{EE1BCC63-DC05-478D-A308-878B79455275}"
EndProject
Global
	GlobalSection(SolutionConfigurationPlatforms) = preSolution
		Debug|Any CPU = Debug|Any CPU
		Release|Any CPU = Release|Any CPU
	EndGlobalSection
	GlobalSection(ProjectConfigurationPlatforms) = postSolution
		{EE1BCC63-DC05-478D-A308-878B79455275}.Debug|Any CPU.ActiveCfg = Debug|Any CPU
		{EE1BCC63-DC05-478D-A308-878B79455275}.Debug|Any CPU.Build.0 = Debug|Any CPU
		{EE1BCC63-DC05-478D-A308-878B79455275}.Release|Any CPU.ActiveCfg = Release|Any CPU
		{EE1BCC63-DC05-478D-A308-878B79455275}.Release|Any CPU.Build.0 = Release|Any CPU
	EndGlobalSection
	GlobalSection(SolutionProperties) = preSolution
		HideSolutionNode = FALSE
	EndGlobalSection
	GlobalSection(ExtensibilityGlobals) = postSolution
		SolutionGuid = {B20821D3-34AC-4763-8D60-C51678F4A4C4}
	EndGlobalSection
EndGlobal
